github.com/a-polito/letterify-template v0.0.0-20220828153747-a7a5a2ceb788 h1:S6xQ/iXIzCpK/AxehNsG3YFDEXHuVHEfwfnS+OAKo/k=
github.com/a-polito/letterify-template v0.0.0-20220828153747-a7a5a2ceb788/go.mod h1:NJuGEHlSiDJ02XUluX/1v7p97EqEJEeiyPex4GH/oUI=
github.com/themefisher/parsa-hugo v0.0.0-20200816034528-652a8ca0da92 h1:HSseTc4apHT97z+pAECTEuAm9ii5+1dcPwFTD/hVtQc=
github.com/themefisher/parsa-hugo v0.0.0-20200816034528-652a8ca0da92/go.mod h1:hcXIAkHLcr4nTJr8GHEEKBmhFec29LL2PE9TMOetZ/U=
